PODS:
  - Flutter (1.0.0)
  - pagarme (0.0.1):
    - Flutter

DEPENDENCIES:
  - Flutter (from `Flutter`)
  - pagarme (from `.symlinks/plugins/pagarme/ios`)

EXTERNAL SOURCES:
  Flutter:
    :path: Flutter
  pagarme:
    :path: ".symlinks/plugins/pagarme/ios"

SPEC CHECKSUMS:
  Flutter: 0e3d915762c693b495b44d77113d4970485de6ec
  pagarme: a566f12da2a323fcf6da1b91a1cb354e2a53ef10

PODFILE CHECKSUM: 1b66dae606f75376c5f2135a8290850eeb09ae83

COCOAPODS: 1.8.3
